Microsoft Visual Studio Solution File, Format Version 12.00
# Visual Studio Version 17
VisualStudioVersion = 17.0.32112.339
MinimumVisualStudioVersion = 10.0.40219.1
Project("{8BC9CEB8-8B4A-11D0-8D11-00A0C91BC942}") = "YYToolkit", "YYToolkit\YYToolkit.vcxproj", "{F1BD3DF9-C309-4B62-9A9A-4A5ECCA6A5DB}"
EndProject
Project("{8BC9CEB8-8B4A-11D0-8D11-00A0C91BC942}") = "ExamplePlugin", "ExamplePlugin\ExamplePlugin.vcxproj", "{755A11F6-04B7-4E0D-B321-6F567F4769BE}"
EndProject
Project("{8BC9CEB8-8B4A-11D0-8D11-00A0C91BC942}") = "InfiniteHealth", "InfiniteHealth\InfiniteHealth.vcxproj", "{45B841F9-5041-453D-90CA-BC6E5AC7586C}"
EndProject
Project("{8BC9CEB8-8B4A-11D0-8D11-00A0C91BC942}") = "DontStarve", "DontStarve\DontStarve.vcxproj", "{580BBB8C-00B5-45EA-877D-748643FE8169}"
EndProject
Project("{8BC9CEB8-8B4A-11D0-8D11-00A0C91BC942}") = "Telepop", "Telepop\Telepop.vcxproj", "{4AEB7505-187E-4CC6-9BB0-A59EB42074AD}"
EndProject
Project("{8BC9CEB8-8B4A-11D0-8D11-00A0C91BC942}") = "Zoomies", "Zoomies\Zoomies.vcxproj", "{A8486853-6491-4BDF-9F90-B5E0D9E85A31}"
EndProject
Project("{8BC9CEB8-8B4A-11D0-8D11-00A0C91BC942}") = "ZoomControl", "ZoomControl\ZoomControl.vcxproj", "{B892D491-9D0C-46AC-A8BF-907B52C3A7F9}"
EndProject
Project("{8BC9CEB8-8B4A-11D0-8D11-00A0C91BC942}") = "WorkHard", "WorkHard\WorkHard.vcxproj", "{88325F8A-DE67-4703-92F5-96DD96DB1443}"
EndProject
Project("{8BC9CEB8-8B4A-11D0-8D11-00A0C91BC942}") = "SaveAnywhere", "SaveAnywhere\SaveAnywhere.vcxproj", "{740B0F12-DFBB-48A7-A69A-CB7D6C43FB9F}"
EndProject
Project("{8BC9CEB8-8B4A-11D0-8D11-00A0C91BC942}") = "MillAnywhere", "MillAnywhere\MillAnywhere.vcxproj", "{AE949211-005A-4833-BB0F-96690448D526}"
EndProject
Project("{8BC9CEB8-8B4A-11D0-8D11-00A0C91BC942}") = "DigUpAnything", "DigUpAnything\DigUpAnything.vcxproj", "{50C7D8FD-C56B-43AA-8711-71086BE2B252}"
EndProject
Project("{8BC9CEB8-8B4A-11D0-8D11-00A0C91BC942}") = "ChutesAndLadders", "ChutesAndLadders\ChutesAndLadders.vcxproj", "{C1B7075F-19EE-445A-94EF-907F81225023}"
EndProject
Project("{8BC9CEB8-8B4A-11D0-8D11-00A0C91BC942}") = "CharmSpell", "CharmSpell\CharmSpell.vcxproj", "{384F6107-957F-4463-BDD7-0CB6EF306AF1}"
EndProject
Project("{8BC9CEB8-8B4A-11D0-8D11-00A0C91BC942}") = "QuakeSpell", "QuakeSpell\QuakeSpell.vcxproj", "{2CD38102-4CAD-4950-B966-1A5283DF588D}"
EndProject
Project("{8BC9CEB8-8B4A-11D0-8D11-00A0C91BC942}") = "Cookbook", "Cookbook\Cookbook.vcxproj", "{2E2F636B-8DF5-49BF-8782-A1CBF8760DA2}"
EndProject
Project("{8BC9CEB8-8B4A-11D0-8D11-00A0C91BC942}") = "Wardrobe", "Wardrobe\Wardrobe.vcxproj", "{33CF5D19-D926-46AD-8EB6-6CDD55E2CCB9}"
EndProject
Project("{8BC9CEB8-8B4A-11D0-8D11-00A0C91BC942}") = "AnimalFriends", "AnimalFriends\AnimalFriends.vcxproj", "{0DD7BE66-4E14-4475-8395-7A51460423C0}"
EndProject
Project("{8BC9CEB8-8B4A-11D0-8D11-00A0C91BC942}") = "DirectionalAttacks", "DirectionalAttacks\DirectionalAttacks.vcxproj", "{25B21079-2734-4688-B02B-41D7F6C14E70}"
EndProject
Project("{8BC9CEB8-8B4A-11D0-8D11-00A0C91BC942}") = "ThePerfectGift", "ThePerfectGift\ThePerfectGift.vcxproj", "{0187293A-22AD-4EBA-A3CD-0892075E6787}"
EndProject
Project("{8BC9CEB8-8B4A-11D0-8D11-00A0C91BC942}") = "SecretSanta", "SecretSanta\SecretSanta.vcxproj", "{4001F669-77B9-45E1-B1FB-1434F4A5D926}"
EndProject
Project("{8BC9CEB8-8B4A-11D0-8D11-00A0C91BC942}") = "DIY", "DIY\DIY.vcxproj", "{5137779C-A19D-4505-ADE9-369FC1C93592}"
EndProject
Project("{8BC9CEB8-8B4A-11D0-8D11-00A0C91BC942}") = "TheAldarianEconomy", "TheAldarianEconomy\TheAldarianEconomy.vcxproj", "{18D44895-2F44-4866-99F1-672FE9C8A366}"
EndProject
Project("{8BC9CEB8-8B4A-11D0-8D11-00A0C91BC942}") = "FridayNightReminder", "FridayNightReminder\FridayNightReminder.vcxproj", "{3AF5D7E5-AC18-4822-84E0-5FFD4AF95572}"
EndProject
Project("{8BC9CEB8-8B4A-11D0-8D11-00A0C91BC942}") = "StopTimeIndoors", "StopTimeIndoors\StopTimeIndoors.vcxproj", "{47CC4D6A-8B07-44D6-8FE1-B0A14A395070}"
EndProject
Project("{8BC9CEB8-8B4A-11D0-8D11-00A0C91BC942}") = "Curator", "Curator\Curator.vcxproj", "{1320EEDE-03F1-4ECA-91BA-FBE724E22984}"
EndProject
Project("{8BC9CEB8-8B4A-11D0-8D11-00A0C91BC942}") = "ShipIt", "ShipIt\ShipIt.vcxproj", "{B54DE225-E555-47E4-9CE0-037BFDDAAAFC}"
EndProject
Project("{8BC9CEB8-8B4A-11D0-8D11-00A0C91BC942}") = "DataMining", "DataMining\DataMining.vcxproj", "{1BB10037-82CD-44EC-A777-DAF2DFD8C750}"
EndProject
Project("{8BC9CEB8-8B4A-11D0-8D11-00A0C91BC942}") = "StatueOfBoons", "StatueOfBoons\StatueOfBoons.vcxproj", "{2C0B6CBB-5A7A-471C-AFA3-22C8377A164E}"
EndProject
Project("{8BC9CEB8-8B4A-11D0-8D11-00A0C91BC942}") = "BugRadar", "BugRadar\BugRadar.vcxproj", "{08ADDDD1-9B14-4A9C-BB8F-18A3BE5F3158}"
EndProject
Project("{8BC9CEB8-8B4A-11D0-8D11-00A0C91BC942}") = "SummoningCircle", "SummoningCircle\SummoningCircle.vcxproj", "{02B7F29D-84B1-4143-8332-965B8A669FFC}"
EndProject
Project("{8BC9CEB8-8B4A-11D0-8D11-00A0C91BC942}") = "Elegance", "Elegance\Elegance.vcxproj", "{EEEE91E1-DFF4-4945-8E4A-24324B8517F1}"
EndProject
Project("{8BC9CEB8-8B4A-11D0-8D11-00A0C91BC942}") = "MuteAnySound", "MuteAnySound\MuteAnySound.vcxproj", "{06B1BCF7-A640-405E-861D-4B0835746838}"
EndProject
Project("{8BC9CEB8-8B4A-11D0-8D11-00A0C91BC942}") = "SaveBackup", "SaveBackup\SaveBackup.vcxproj", "{2E10931C-1A54-4F18-9BAF-62849E9E9405}"
EndProject
Project("{8BC9CEB8-8B4A-11D0-8D11-00A0C91BC942}") = "MagicalGirlAri", "MagicalGirlAri\MagicalGirlAri.vcxproj", "{71405569-0496-4888-B60B-682EE0FD9A31}"
EndProject
Project("{8BC9CEB8-8B4A-11D0-8D11-00A0C91BC942}") = "DeepDungeon", "DeepDungeon\DeepDungeon.vcxproj", "{5e09107c-d306-411c-b22c-9ea8ae2d285c}"
EndProject
Project("{8BC9CEB8-8B4A-11D0-8D11-00A0C91BC942}") = "UtilitySword", "UtilitySword\UtilitySword.vcxproj", "{30599f23-0d56-429d-929a-ce7987a26f22}"
EndProject
Project("{8BC9CEB8-8B4A-11D0-8D11-00A0C91BC942}") = "FauxSigils", "FauxSigils\FauxSigils.vcxproj", "{37c88f58-10c0-464d-bf34-0dc505bb3739}"
EndProject
Project("{8BC9CEB8-8B4A-11D0-8D11-00A0C91BC942}") = "RemindMe", "RemindMe\RemindMe.vcxproj", "{108b3608-6f80-4ad5-9a1d-77cade3b3d51}"
EndProject
Project("{8BC9CEB8-8B4A-11D0-8D11-00A0C91BC942}") = "DynamicNpcPortraits", "DynamicNpcPortraits\DynamicNpcPortraits.vcxproj", "{db79c1de-a4c6-4da8-bd6e-36ab7cda05c9}"
EndProject
Project("{8BC9CEB8-8B4A-11D0-8D11-00A0C91BC942}") = "DynamicObjectSprites", "DynamicObjectSprites\DynamicObjectSprites.vcxproj", "{3f251b70-a989-4681-8377-a300f2f3b0f9}"
EndProject
Project("{8BC9CEB8-8B4A-11D0-8D11-00A0C91BC942}") = "NoTrespassing", "NoTrespassing\NoTrespassing.vcxproj", "{18511768-8af9-4680-892c-83102b66720c}"
EndProject
Project("{8BC9CEB8-8B4A-11D0-8D11-00A0C91BC942}") = "SandboxModeCrafting", "SandboxModeCrafting\SandboxModeCrafting.vcxproj", "{45bad65e-8aa7-4e31-996f-9c59408c9278}"
EndProject
Project("{8BC9CEB8-8B4A-11D0-8D11-00A0C91BC942}") = "EnemyHealthBars", "EnemyHealthBars\EnemyHealthBars.vcxproj", "{cdbfc662-0a40-4c04-b348-7402111cbb82}"
EndProject
Project("{8BC9CEB8-8B4A-11D0-8D11-00A0C91BC942}") = "BulkBuy", "BulkBuy\BulkBuy.vcxproj", "{608b10da-4763-463c-a81e-31b441e290bb}"
EndProject
Project("{8BC9CEB8-8B4A-11D0-8D11-00A0C91BC942}") = "BetterChargedTools", "BetterChargedTools\BetterChargedTools.vcxproj", "{8a5d86cf-f78e-4fc2-905e-41dfb30797e2}"
EndProject
Project("{8BC9CEB8-8B4A-11D0-8D11-00A0C91BC942}") = "DonateIt", "DonateIt\DonateIt.vcxproj", "{79d819e8-d603-4f2b-bb89-9e54299a8830}"
EndProject
Global
	GlobalSection(SolutionConfigurationPlatforms) = preSolution
		Debug|x64 = Debug|x64
		Debug|x86 = Debug|x86
		Release|x64 = Release|x64
		Release|x86 = Release|x86
	EndGlobalSection
	GlobalSection(ProjectConfigurationPlatforms) = postSolution
		{F1BD3DF9-C309-4B62-9A9A-4A5ECCA6A5DB}.Debug|x64.ActiveCfg = Debug|x64
		{F1BD3DF9-C309-4B62-9A9A-4A5ECCA6A5DB}.Debug|x64.Build.0 = Debug|x64
		{F1BD3DF9-C309-4B62-9A9A-4A5ECCA6A5DB}.Debug|x86.ActiveCfg = Debug|Win32
		{F1BD3DF9-C309-4B62-9A9A-4A5ECCA6A5DB}.Debug|x86.Build.0 = Debug|Win32
		{F1BD3DF9-C309-4B62-9A9A-4A5ECCA6A5DB}.Release|x64.ActiveCfg = Release|x64
		{F1BD3DF9-C309-4B62-9A9A-4A5ECCA6A5DB}.Release|x64.Build.0 = Release|x64
		{F1BD3DF9-C309-4B62-9A9A-4A5ECCA6A5DB}.Release|x86.ActiveCfg = Release|Win32
		{F1BD3DF9-C309-4B62-9A9A-4A5ECCA6A5DB}.Release|x86.Build.0 = Release|Win32
		{755A11F6-04B7-4E0D-B321-6F567F4769BE}.Debug|x64.ActiveCfg = Debug|x64
		{755A11F6-04B7-4E0D-B321-6F567F4769BE}.Debug|x64.Build.0 = Debug|x64
		{755A11F6-04B7-4E0D-B321-6F567F4769BE}.Debug|x86.ActiveCfg = Debug|Win32
		{755A11F6-04B7-4E0D-B321-6F567F4769BE}.Debug|x86.Build.0 = Debug|Win32
		{755A11F6-04B7-4E0D-B321-6F567F4769BE}.Release|x64.ActiveCfg = Release|x64
		{755A11F6-04B7-4E0D-B321-6F567F4769BE}.Release|x64.Build.0 = Release|x64
		{755A11F6-04B7-4E0D-B321-6F567F4769BE}.Release|x86.ActiveCfg = Release|Win32
		{755A11F6-04B7-4E0D-B321-6F567F4769BE}.Release|x86.Build.0 = Release|Win32
		{45B841F9-5041-453D-90CA-BC6E5AC7586C}.Debug|x64.ActiveCfg = Debug|x64
		{45B841F9-5041-453D-90CA-BC6E5AC7586C}.Debug|x64.Build.0 = Debug|x64
		{45B841F9-5041-453D-90CA-BC6E5AC7586C}.Debug|x86.ActiveCfg = Debug|Win32
		{45B841F9-5041-453D-90CA-BC6E5AC7586C}.Debug|x86.Build.0 = Debug|Win32
		{45B841F9-5041-453D-90CA-BC6E5AC7586C}.Release|x64.ActiveCfg = Release|x64
		{45B841F9-5041-453D-90CA-BC6E5AC7586C}.Release|x64.Build.0 = Release|x64
		{45B841F9-5041-453D-90CA-BC6E5AC7586C}.Release|x86.ActiveCfg = Release|Win32
		{45B841F9-5041-453D-90CA-BC6E5AC7586C}.Release|x86.Build.0 = Release|Win32
		{580BBB8C-00B5-45EA-877D-748643FE8169}.Debug|x64.ActiveCfg = Debug|x64
		{580BBB8C-00B5-45EA-877D-748643FE8169}.Debug|x64.Build.0 = Debug|x64
		{580BBB8C-00B5-45EA-877D-748643FE8169}.Debug|x86.ActiveCfg = Debug|Win32
		{580BBB8C-00B5-45EA-877D-748643FE8169}.Debug|x86.Build.0 = Debug|Win32
		{580BBB8C-00B5-45EA-877D-748643FE8169}.Release|x64.ActiveCfg = Release|x64
		{580BBB8C-00B5-45EA-877D-748643FE8169}.Release|x64.Build.0 = Release|x64
		{580BBB8C-00B5-45EA-877D-748643FE8169}.Release|x86.ActiveCfg = Release|Win32
		{580BBB8C-00B5-45EA-877D-748643FE8169}.Release|x86.Build.0 = Release|Win32
		{4AEB7505-187E-4CC6-9BB0-A59EB42074AD}.Debug|x64.ActiveCfg = Debug|x64
		{4AEB7505-187E-4CC6-9BB0-A59EB42074AD}.Debug|x64.Build.0 = Debug|x64
		{4AEB7505-187E-4CC6-9BB0-A59EB42074AD}.Debug|x86.ActiveCfg = Debug|Win32
		{4AEB7505-187E-4CC6-9BB0-A59EB42074AD}.Debug|x86.Build.0 = Debug|Win32
		{4AEB7505-187E-4CC6-9BB0-A59EB42074AD}.Release|x64.ActiveCfg = Release|x64
		{4AEB7505-187E-4CC6-9BB0-A59EB42074AD}.Release|x64.Build.0 = Release|x64
		{4AEB7505-187E-4CC6-9BB0-A59EB42074AD}.Release|x86.ActiveCfg = Release|Win32
		{4AEB7505-187E-4CC6-9BB0-A59EB42074AD}.Release|x86.Build.0 = Release|Win32
		{A8486853-6491-4BDF-9F90-B5E0D9E85A31}.Debug|x64.ActiveCfg = Debug|x64
		{A8486853-6491-4BDF-9F90-B5E0D9E85A31}.Debug|x64.Build.0 = Debug|x64
		{A8486853-6491-4BDF-9F90-B5E0D9E85A31}.Debug|x86.ActiveCfg = Debug|Win32
		{A8486853-6491-4BDF-9F90-B5E0D9E85A31}.Debug|x86.Build.0 = Debug|Win32
		{A8486853-6491-4BDF-9F90-B5E0D9E85A31}.Release|x64.ActiveCfg = Release|x64
		{A8486853-6491-4BDF-9F90-B5E0D9E85A31}.Release|x64.Build.0 = Release|x64
		{A8486853-6491-4BDF-9F90-B5E0D9E85A31}.Release|x86.ActiveCfg = Release|Win32
		{A8486853-6491-4BDF-9F90-B5E0D9E85A31}.Release|x86.Build.0 = Release|Win32
		{B892D491-9D0C-46AC-A8BF-907B52C3A7F9}.Debug|x64.ActiveCfg = Debug|x64
		{B892D491-9D0C-46AC-A8BF-907B52C3A7F9}.Debug|x64.Build.0 = Debug|x64
		{B892D491-9D0C-46AC-A8BF-907B52C3A7F9}.Debug|x86.ActiveCfg = Debug|Win32
		{B892D491-9D0C-46AC-A8BF-907B52C3A7F9}.Debug|x86.Build.0 = Debug|Win32
		{B892D491-9D0C-46AC-A8BF-907B52C3A7F9}.Release|x64.ActiveCfg = Release|x64
		{B892D491-9D0C-46AC-A8BF-907B52C3A7F9}.Release|x64.Build.0 = Release|x64
		{B892D491-9D0C-46AC-A8BF-907B52C3A7F9}.Release|x86.ActiveCfg = Release|Win32
		{B892D491-9D0C-46AC-A8BF-907B52C3A7F9}.Release|x86.Build.0 = Release|Win32
		{88325F8A-DE67-4703-92F5-96DD96DB1443}.Debug|x64.ActiveCfg = Debug|x64
		{88325F8A-DE67-4703-92F5-96DD96DB1443}.Debug|x64.Build.0 = Debug|x64
		{88325F8A-DE67-4703-92F5-96DD96DB1443}.Debug|x86.ActiveCfg = Debug|Win32
		{88325F8A-DE67-4703-92F5-96DD96DB1443}.Debug|x86.Build.0 = Debug|Win32
		{88325F8A-DE67-4703-92F5-96DD96DB1443}.Release|x64.ActiveCfg = Release|x64
		{88325F8A-DE67-4703-92F5-96DD96DB1443}.Release|x64.Build.0 = Release|x64
		{88325F8A-DE67-4703-92F5-96DD96DB1443}.Release|x86.ActiveCfg = Release|Win32
		{88325F8A-DE67-4703-92F5-96DD96DB1443}.Release|x86.Build.0 = Release|Win32
		{740B0F12-DFBB-48A7-A69A-CB7D6C43FB9F}.Debug|x64.ActiveCfg = Debug|x64
		{740B0F12-DFBB-48A7-A69A-CB7D6C43FB9F}.Debug|x64.Build.0 = Debug|x64
		{740B0F12-DFBB-48A7-A69A-CB7D6C43FB9F}.Debug|x86.ActiveCfg = Debug|Win32
		{740B0F12-DFBB-48A7-A69A-CB7D6C43FB9F}.Debug|x86.Build.0 = Debug|Win32
		{740B0F12-DFBB-48A7-A69A-CB7D6C43FB9F}.Release|x64.ActiveCfg = Release|x64
		{740B0F12-DFBB-48A7-A69A-CB7D6C43FB9F}.Release|x64.Build.0 = Release|x64
		{740B0F12-DFBB-48A7-A69A-CB7D6C43FB9F}.Release|x86.ActiveCfg = Release|Win32
		{740B0F12-DFBB-48A7-A69A-CB7D6C43FB9F}.Release|x86.Build.0 = Release|Win32
		{AE949211-005A-4833-BB0F-96690448D526}.Debug|x64.ActiveCfg = Debug|x64
		{AE949211-005A-4833-BB0F-96690448D526}.Debug|x64.Build.0 = Debug|x64
		{AE949211-005A-4833-BB0F-96690448D526}.Debug|x86.ActiveCfg = Debug|Win32
		{AE949211-005A-4833-BB0F-96690448D526}.Debug|x86.Build.0 = Debug|Win32
		{AE949211-005A-4833-BB0F-96690448D526}.Release|x64.ActiveCfg = Release|x64
		{AE949211-005A-4833-BB0F-96690448D526}.Release|x64.Build.0 = Release|x64
		{AE949211-005A-4833-BB0F-96690448D526}.Release|x86.ActiveCfg = Release|Win32
		{AE949211-005A-4833-BB0F-96690448D526}.Release|x86.Build.0 = Release|Win32
		{50C7D8FD-C56B-43AA-8711-71086BE2B252}.Debug|x64.ActiveCfg = Debug|x64
		{50C7D8FD-C56B-43AA-8711-71086BE2B252}.Debug|x64.Build.0 = Debug|x64
		{50C7D8FD-C56B-43AA-8711-71086BE2B252}.Debug|x86.ActiveCfg = Debug|Win32
		{50C7D8FD-C56B-43AA-8711-71086BE2B252}.Debug|x86.Build.0 = Debug|Win32
		{50C7D8FD-C56B-43AA-8711-71086BE2B252}.Release|x64.ActiveCfg = Release|x64
		{50C7D8FD-C56B-43AA-8711-71086BE2B252}.Release|x64.Build.0 = Release|x64
		{50C7D8FD-C56B-43AA-8711-71086BE2B252}.Release|x86.ActiveCfg = Release|Win32
		{50C7D8FD-C56B-43AA-8711-71086BE2B252}.Release|x86.Build.0 = Release|Win32
		{C1B7075F-19EE-445A-94EF-907F81225023}.Debug|x64.ActiveCfg = Debug|x64
		{C1B7075F-19EE-445A-94EF-907F81225023}.Debug|x64.Build.0 = Debug|x64
		{C1B7075F-19EE-445A-94EF-907F81225023}.Debug|x86.ActiveCfg = Debug|Win32
		{C1B7075F-19EE-445A-94EF-907F81225023}.Debug|x86.Build.0 = Debug|Win32
		{C1B7075F-19EE-445A-94EF-907F81225023}.Release|x64.ActiveCfg = Release|x64
		{C1B7075F-19EE-445A-94EF-907F81225023}.Release|x64.Build.0 = Release|x64
		{C1B7075F-19EE-445A-94EF-907F81225023}.Release|x86.ActiveCfg = Release|Win32
		{C1B7075F-19EE-445A-94EF-907F81225023}.Release|x86.Build.0 = Release|Win32
		{384F6107-957F-4463-BDD7-0CB6EF306AF1}.Debug|x64.ActiveCfg = Debug|x64
		{384F6107-957F-4463-BDD7-0CB6EF306AF1}.Debug|x64.Build.0 = Debug|x64
		{384F6107-957F-4463-BDD7-0CB6EF306AF1}.Debug|x86.ActiveCfg = Debug|Win32
		{384F6107-957F-4463-BDD7-0CB6EF306AF1}.Debug|x86.Build.0 = Debug|Win32
		{384F6107-957F-4463-BDD7-0CB6EF306AF1}.Release|x64.ActiveCfg = Release|x64
		{384F6107-957F-4463-BDD7-0CB6EF306AF1}.Release|x64.Build.0 = Release|x64
		{384F6107-957F-4463-BDD7-0CB6EF306AF1}.Release|x86.ActiveCfg = Release|Win32
		{384F6107-957F-4463-BDD7-0CB6EF306AF1}.Release|x86.Build.0 = Release|Win32
		{2CD38102-4CAD-4950-B966-1A5283DF588D}.Debug|x64.ActiveCfg = Debug|x64
		{2CD38102-4CAD-4950-B966-1A5283DF588D}.Debug|x64.Build.0 = Debug|x64
		{2CD38102-4CAD-4950-B966-1A5283DF588D}.Debug|x86.ActiveCfg = Debug|Win32
		{2CD38102-4CAD-4950-B966-1A5283DF588D}.Debug|x86.Build.0 = Debug|Win32
		{2CD38102-4CAD-4950-B966-1A5283DF588D}.Release|x64.ActiveCfg = Release|x64
		{2CD38102-4CAD-4950-B966-1A5283DF588D}.Release|x64.Build.0 = Release|x64
		{2CD38102-4CAD-4950-B966-1A5283DF588D}.Release|x86.ActiveCfg = Release|Win32
		{2CD38102-4CAD-4950-B966-1A5283DF588D}.Release|x86.Build.0 = Release|Win32
		{2E2F636B-8DF5-49BF-8782-A1CBF8760DA2}.Debug|x64.ActiveCfg = Debug|x64
		{2E2F636B-8DF5-49BF-8782-A1CBF8760DA2}.Debug|x64.Build.0 = Debug|x64
		{2E2F636B-8DF5-49BF-8782-A1CBF8760DA2}.Debug|x86.ActiveCfg = Debug|Win32
		{2E2F636B-8DF5-49BF-8782-A1CBF8760DA2}.Debug|x86.Build.0 = Debug|Win32
		{2E2F636B-8DF5-49BF-8782-A1CBF8760DA2}.Release|x64.ActiveCfg = Release|x64
		{2E2F636B-8DF5-49BF-8782-A1CBF8760DA2}.Release|x64.Build.0 = Release|x64
		{2E2F636B-8DF5-49BF-8782-A1CBF8760DA2}.Release|x86.ActiveCfg = Release|Win32
		{2E2F636B-8DF5-49BF-8782-A1CBF8760DA2}.Release|x86.Build.0 = Release|Win32
		{33CF5D19-D926-46AD-8EB6-6CDD55E2CCB9}.Debug|x64.ActiveCfg = Debug|x64
		{33CF5D19-D926-46AD-8EB6-6CDD55E2CCB9}.Debug|x64.Build.0 = Debug|x64
		{33CF5D19-D926-46AD-8EB6-6CDD55E2CCB9}.Debug|x86.ActiveCfg = Debug|Win32
		{33CF5D19-D926-46AD-8EB6-6CDD55E2CCB9}.Debug|x86.Build.0 = Debug|Win32
		{33CF5D19-D926-46AD-8EB6-6CDD55E2CCB9}.Release|x64.ActiveCfg = Release|x64
		{33CF5D19-D926-46AD-8EB6-6CDD55E2CCB9}.Release|x64.Build.0 = Release|x64
		{33CF5D19-D926-46AD-8EB6-6CDD55E2CCB9}.Release|x86.ActiveCfg = Release|Win32
		{33CF5D19-D926-46AD-8EB6-6CDD55E2CCB9}.Release|x86.Build.0 = Release|Win32
		{0DD7BE66-4E14-4475-8395-7A51460423C0}.Debug|x64.ActiveCfg = Debug|x64
		{0DD7BE66-4E14-4475-8395-7A51460423C0}.Debug|x64.Build.0 = Debug|x64
		{0DD7BE66-4E14-4475-8395-7A51460423C0}.Debug|x86.ActiveCfg = Debug|Win32
		{0DD7BE66-4E14-4475-8395-7A51460423C0}.Debug|x86.Build.0 = Debug|Win32
		{0DD7BE66-4E14-4475-8395-7A51460423C0}.Release|x64.ActiveCfg = Release|x64
		{0DD7BE66-4E14-4475-8395-7A51460423C0}.Release|x64.Build.0 = Release|x64
		{0DD7BE66-4E14-4475-8395-7A51460423C0}.Release|x86.ActiveCfg = Release|Win32
		{0DD7BE66-4E14-4475-8395-7A51460423C0}.Release|x86.Build.0 = Release|Win32
		{25B21079-2734-4688-B02B-41D7F6C14E70}.Debug|x64.ActiveCfg = Debug|x64
		{25B21079-2734-4688-B02B-41D7F6C14E70}.Debug|x64.Build.0 = Debug|x64
		{25B21079-2734-4688-B02B-41D7F6C14E70}.Debug|x86.ActiveCfg = Debug|Win32
		{25B21079-2734-4688-B02B-41D7F6C14E70}.Debug|x86.Build.0 = Debug|Win32
		{25B21079-2734-4688-B02B-41D7F6C14E70}.Release|x64.ActiveCfg = Release|x64
		{25B21079-2734-4688-B02B-41D7F6C14E70}.Release|x64.Build.0 = Release|x64
		{25B21079-2734-4688-B02B-41D7F6C14E70}.Release|x86.ActiveCfg = Release|Win32
		{25B21079-2734-4688-B02B-41D7F6C14E70}.Release|x86.Build.0 = Release|Win32
		{0187293A-22AD-4EBA-A3CD-0892075E6787}.Debug|x64.ActiveCfg = Debug|x64
		{0187293A-22AD-4EBA-A3CD-0892075E6787}.Debug|x64.Build.0 = Debug|x64
		{0187293A-22AD-4EBA-A3CD-0892075E6787}.Debug|x86.ActiveCfg = Debug|Win32
		{0187293A-22AD-4EBA-A3CD-0892075E6787}.Debug|x86.Build.0 = Debug|Win32
		{0187293A-22AD-4EBA-A3CD-0892075E6787}.Release|x64.ActiveCfg = Release|x64
		{0187293A-22AD-4EBA-A3CD-0892075E6787}.Release|x64.Build.0 = Release|x64
		{0187293A-22AD-4EBA-A3CD-0892075E6787}.Release|x86.ActiveCfg = Release|Win32
		{0187293A-22AD-4EBA-A3CD-0892075E6787}.Release|x86.Build.0 = Release|Win32
		{4001F669-77B9-45E1-B1FB-1434F4A5D926}.Debug|x64.ActiveCfg = Debug|x64
		{4001F669-77B9-45E1-B1FB-1434F4A5D926}.Debug|x64.Build.0 = Debug|x64
		{4001F669-77B9-45E1-B1FB-1434F4A5D926}.Debug|x86.ActiveCfg = Debug|Win32
		{4001F669-77B9-45E1-B1FB-1434F4A5D926}.Debug|x86.Build.0 = Debug|Win32
		{4001F669-77B9-45E1-B1FB-1434F4A5D926}.Release|x64.ActiveCfg = Release|x64
		{4001F669-77B9-45E1-B1FB-1434F4A5D926}.Release|x64.Build.0 = Release|x64
		{4001F669-77B9-45E1-B1FB-1434F4A5D926}.Release|x86.ActiveCfg = Release|Win32
		{4001F669-77B9-45E1-B1FB-1434F4A5D926}.Release|x86.Build.0 = Release|Win32
		{5137779C-A19D-4505-ADE9-369FC1C93592}.Debug|x64.ActiveCfg = Debug|x64
		{5137779C-A19D-4505-ADE9-369FC1C93592}.Debug|x64.Build.0 = Debug|x64
		{5137779C-A19D-4505-ADE9-369FC1C93592}.Debug|x86.ActiveCfg = Debug|Win32
		{5137779C-A19D-4505-ADE9-369FC1C93592}.Debug|x86.Build.0 = Debug|Win32
		{5137779C-A19D-4505-ADE9-369FC1C93592}.Release|x64.ActiveCfg = Release|x64
		{5137779C-A19D-4505-ADE9-369FC1C93592}.Release|x64.Build.0 = Release|x64
		{5137779C-A19D-4505-ADE9-369FC1C93592}.Release|x86.ActiveCfg = Release|Win32
		{5137779C-A19D-4505-ADE9-369FC1C93592}.Release|x86.Build.0 = Release|Win32
		{18D44895-2F44-4866-99F1-672FE9C8A366}.Debug|x64.ActiveCfg = Debug|x64
		{18D44895-2F44-4866-99F1-672FE9C8A366}.Debug|x64.Build.0 = Debug|x64
		{18D44895-2F44-4866-99F1-672FE9C8A366}.Debug|x86.ActiveCfg = Debug|Win32
		{18D44895-2F44-4866-99F1-672FE9C8A366}.Debug|x86.Build.0 = Debug|Win32
		{18D44895-2F44-4866-99F1-672FE9C8A366}.Release|x64.ActiveCfg = Release|x64
		{18D44895-2F44-4866-99F1-672FE9C8A366}.Release|x64.Build.0 = Release|x64
		{18D44895-2F44-4866-99F1-672FE9C8A366}.Release|x86.ActiveCfg = Release|Win32
		{18D44895-2F44-4866-99F1-672FE9C8A366}.Release|x86.Build.0 = Release|Win32
		{3AF5D7E5-AC18-4822-84E0-5FFD4AF95572}.Debug|x64.ActiveCfg = Debug|x64
		{3AF5D7E5-AC18-4822-84E0-5FFD4AF95572}.Debug|x64.Build.0 = Debug|x64
		{3AF5D7E5-AC18-4822-84E0-5FFD4AF95572}.Debug|x86.ActiveCfg = Debug|Win32
		{3AF5D7E5-AC18-4822-84E0-5FFD4AF95572}.Debug|x86.Build.0 = Debug|Win32
		{3AF5D7E5-AC18-4822-84E0-5FFD4AF95572}.Release|x64.ActiveCfg = Release|x64
		{3AF5D7E5-AC18-4822-84E0-5FFD4AF95572}.Release|x64.Build.0 = Release|x64
		{3AF5D7E5-AC18-4822-84E0-5FFD4AF95572}.Release|x86.ActiveCfg = Release|Win32
		{3AF5D7E5-AC18-4822-84E0-5FFD4AF95572}.Release|x86.Build.0 = Release|Win32
		{47CC4D6A-8B07-44D6-8FE1-B0A14A395070}.Debug|x64.ActiveCfg = Debug|x64
		{47CC4D6A-8B07-44D6-8FE1-B0A14A395070}.Debug|x64.Build.0 = Debug|x64
		{47CC4D6A-8B07-44D6-8FE1-B0A14A395070}.Debug|x86.ActiveCfg = Debug|Win32
		{47CC4D6A-8B07-44D6-8FE1-B0A14A395070}.Debug|x86.Build.0 = Debug|Win32
		{47CC4D6A-8B07-44D6-8FE1-B0A14A395070}.Release|x64.ActiveCfg = Release|x64
		{47CC4D6A-8B07-44D6-8FE1-B0A14A395070}.Release|x64.Build.0 = Release|x64
		{47CC4D6A-8B07-44D6-8FE1-B0A14A395070}.Release|x86.ActiveCfg = Release|Win32
		{47CC4D6A-8B07-44D6-8FE1-B0A14A395070}.Release|x86.Build.0 = Release|Win32
		{1320EEDE-03F1-4ECA-91BA-FBE724E22984}.Debug|x64.ActiveCfg = Debug|x64
		{1320EEDE-03F1-4ECA-91BA-FBE724E22984}.Debug|x64.Build.0 = Debug|x64
		{1320EEDE-03F1-4ECA-91BA-FBE724E22984}.Debug|x86.ActiveCfg = Debug|Win32
		{1320EEDE-03F1-4ECA-91BA-FBE724E22984}.Debug|x86.Build.0 = Debug|Win32
		{1320EEDE-03F1-4ECA-91BA-FBE724E22984}.Release|x64.ActiveCfg = Release|x64
		{1320EEDE-03F1-4ECA-91BA-FBE724E22984}.Release|x64.Build.0 = Release|x64
		{1320EEDE-03F1-4ECA-91BA-FBE724E22984}.Release|x86.ActiveCfg = Release|Win32
		{1320EEDE-03F1-4ECA-91BA-FBE724E22984}.Release|x86.Build.0 = Release|Win32
		{B54DE225-E555-47E4-9CE0-037BFDDAAAFC}.Debug|x64.ActiveCfg = Debug|x64
		{B54DE225-E555-47E4-9CE0-037BFDDAAAFC}.Debug|x64.Build.0 = Debug|x64
		{B54DE225-E555-47E4-9CE0-037BFDDAAAFC}.Debug|x86.ActiveCfg = Debug|Win32
		{B54DE225-E555-47E4-9CE0-037BFDDAAAFC}.Debug|x86.Build.0 = Debug|Win32
		{B54DE225-E555-47E4-9CE0-037BFDDAAAFC}.Release|x64.ActiveCfg = Release|x64
		{B54DE225-E555-47E4-9CE0-037BFDDAAAFC}.Release|x64.Build.0 = Release|x64
		{B54DE225-E555-47E4-9CE0-037BFDDAAAFC}.Release|x86.ActiveCfg = Release|Win32
		{B54DE225-E555-47E4-9CE0-037BFDDAAAFC}.Release|x86.Build.0 = Release|Win32
		{1BB10037-82CD-44EC-A777-DAF2DFD8C750}.Debug|x64.ActiveCfg = Debug|x64
		{1BB10037-82CD-44EC-A777-DAF2DFD8C750}.Debug|x64.Build.0 = Debug|x64
		{1BB10037-82CD-44EC-A777-DAF2DFD8C750}.Debug|x86.ActiveCfg = Debug|Win32
		{1BB10037-82CD-44EC-A777-DAF2DFD8C750}.Debug|x86.Build.0 = Debug|Win32
		{1BB10037-82CD-44EC-A777-DAF2DFD8C750}.Release|x64.ActiveCfg = Release|x64
		{1BB10037-82CD-44EC-A777-DAF2DFD8C750}.Release|x64.Build.0 = Release|x64
		{1BB10037-82CD-44EC-A777-DAF2DFD8C750}.Release|x86.ActiveCfg = Release|Win32
		{1BB10037-82CD-44EC-A777-DAF2DFD8C750}.Release|x86.Build.0 = Release|Win32
		{2C0B6CBB-5A7A-471C-AFA3-22C8377A164E}.Debug|x64.ActiveCfg = Debug|x64
		{2C0B6CBB-5A7A-471C-AFA3-22C8377A164E}.Debug|x64.Build.0 = Debug|x64
		{2C0B6CBB-5A7A-471C-AFA3-22C8377A164E}.Debug|x86.ActiveCfg = Debug|Win32
		{2C0B6CBB-5A7A-471C-AFA3-22C8377A164E}.Debug|x86.Build.0 = Debug|Win32
		{2C0B6CBB-5A7A-471C-AFA3-22C8377A164E}.Release|x64.ActiveCfg = Release|x64
		{2C0B6CBB-5A7A-471C-AFA3-22C8377A164E}.Release|x64.Build.0 = Release|x64
		{2C0B6CBB-5A7A-471C-AFA3-22C8377A164E}.Release|x86.ActiveCfg = Release|Win32
		{2C0B6CBB-5A7A-471C-AFA3-22C8377A164E}.Release|x86.Build.0 = Release|Win32
		{08ADDDD1-9B14-4A9C-BB8F-18A3BE5F3158}.Debug|x64.ActiveCfg = Debug|x64
		{08ADDDD1-9B14-4A9C-BB8F-18A3BE5F3158}.Debug|x64.Build.0 = Debug|x64
		{08ADDDD1-9B14-4A9C-BB8F-18A3BE5F3158}.Debug|x86.ActiveCfg = Debug|Win32
		{08ADDDD1-9B14-4A9C-BB8F-18A3BE5F3158}.Debug|x86.Build.0 = Debug|Win32
		{08ADDDD1-9B14-4A9C-BB8F-18A3BE5F3158}.Release|x64.ActiveCfg = Release|x64
		{08ADDDD1-9B14-4A9C-BB8F-18A3BE5F3158}.Release|x64.Build.0 = Release|x64
		{08ADDDD1-9B14-4A9C-BB8F-18A3BE5F3158}.Release|x86.ActiveCfg = Release|Win32
		{08ADDDD1-9B14-4A9C-BB8F-18A3BE5F3158}.Release|x86.Build.0 = Release|Win32
		{02B7F29D-84B1-4143-8332-965B8A669FFC}.Debug|x64.ActiveCfg = Debug|x64
		{02B7F29D-84B1-4143-8332-965B8A669FFC}.Debug|x64.Build.0 = Debug|x64
		{02B7F29D-84B1-4143-8332-965B8A669FFC}.Debug|x86.ActiveCfg = Debug|Win32
		{02B7F29D-84B1-4143-8332-965B8A669FFC}.Debug|x86.Build.0 = Debug|Win32
		{02B7F29D-84B1-4143-8332-965B8A669FFC}.Release|x64.ActiveCfg = Release|x64
		{02B7F29D-84B1-4143-8332-965B8A669FFC}.Release|x64.Build.0 = Release|x64
		{02B7F29D-84B1-4143-8332-965B8A669FFC}.Release|x86.ActiveCfg = Release|Win32
		{02B7F29D-84B1-4143-8332-965B8A669FFC}.Release|x86.Build.0 = Release|Win32
		{EEEE91E1-DFF4-4945-8E4A-24324B8517F1}.Debug|x64.ActiveCfg = Debug|x64
		{EEEE91E1-DFF4-4945-8E4A-24324B8517F1}.Debug|x64.Build.0 = Debug|x64
		{EEEE91E1-DFF4-4945-8E4A-24324B8517F1}.Debug|x86.ActiveCfg = Debug|Win32
		{EEEE91E1-DFF4-4945-8E4A-24324B8517F1}.Debug|x86.Build.0 = Debug|Win32
		{EEEE91E1-DFF4-4945-8E4A-24324B8517F1}.Release|x64.ActiveCfg = Release|x64
		{EEEE91E1-DFF4-4945-8E4A-24324B8517F1}.Release|x64.Build.0 = Release|x64
		{EEEE91E1-DFF4-4945-8E4A-24324B8517F1}.Release|x86.ActiveCfg = Release|Win32
		{EEEE91E1-DFF4-4945-8E4A-24324B8517F1}.Release|x86.Build.0 = Release|Win32
		{06B1BCF7-A640-405E-861D-4B0835746838}.Debug|x64.ActiveCfg = Debug|x64
		{06B1BCF7-A640-405E-861D-4B0835746838}.Debug|x64.Build.0 = Debug|x64
		{06B1BCF7-A640-405E-861D-4B0835746838}.Debug|x86.ActiveCfg = Debug|Win32
		{06B1BCF7-A640-405E-861D-4B0835746838}.Debug|x86.Build.0 = Debug|Win32
		{06B1BCF7-A640-405E-861D-4B0835746838}.Release|x64.ActiveCfg = Release|x64
		{06B1BCF7-A640-405E-861D-4B0835746838}.Release|x64.Build.0 = Release|x64
		{06B1BCF7-A640-405E-861D-4B0835746838}.Release|x86.ActiveCfg = Release|Win32
		{06B1BCF7-A640-405E-861D-4B0835746838}.Release|x86.Build.0 = Release|Win32
		{2E10931C-1A54-4F18-9BAF-62849E9E9405}.Debug|x64.ActiveCfg = Debug|x64
		{2E10931C-1A54-4F18-9BAF-62849E9E9405}.Debug|x64.Build.0 = Debug|x64
		{2E10931C-1A54-4F18-9BAF-62849E9E9405}.Debug|x86.ActiveCfg = Debug|Win32
		{2E10931C-1A54-4F18-9BAF-62849E9E9405}.Debug|x86.Build.0 = Debug|Win32
		{2E10931C-1A54-4F18-9BAF-62849E9E9405}.Release|x64.ActiveCfg = Release|x64
		{2E10931C-1A54-4F18-9BAF-62849E9E9405}.Release|x64.Build.0 = Release|x64
		{2E10931C-1A54-4F18-9BAF-62849E9E9405}.Release|x86.ActiveCfg = Release|Win32
		{2E10931C-1A54-4F18-9BAF-62849E9E9405}.Release|x86.Build.0 = Release|Win32
		{71405569-0496-4888-B60B-682EE0FD9A31}.Debug|x64.ActiveCfg = Debug|x64
		{71405569-0496-4888-B60B-682EE0FD9A31}.Debug|x64.Build.0 = Debug|x64
		{71405569-0496-4888-B60B-682EE0FD9A31}.Debug|x86.ActiveCfg = Debug|Win32
		{71405569-0496-4888-B60B-682EE0FD9A31}.Debug|x86.Build.0 = Debug|Win32
		{71405569-0496-4888-B60B-682EE0FD9A31}.Release|x64.ActiveCfg = Release|x64
		{71405569-0496-4888-B60B-682EE0FD9A31}.Release|x64.Build.0 = Release|x64
		{71405569-0496-4888-B60B-682EE0FD9A31}.Release|x86.ActiveCfg = Release|Win32
		{71405569-0496-4888-B60B-682EE0FD9A31}.Release|x86.Build.0 = Release|Win32
		{5E09107C-D306-411C-B22C-9EA8AE2D285C}.Debug|x64.ActiveCfg = Debug|x64
		{5E09107C-D306-411C-B22C-9EA8AE2D285C}.Debug|x64.Build.0 = Debug|x64
		{5E09107C-D306-411C-B22C-9EA8AE2D285C}.Debug|x86.ActiveCfg = Debug|Win32
		{5E09107C-D306-411C-B22C-9EA8AE2D285C}.Debug|x86.Build.0 = Debug|Win32
		{5E09107C-D306-411C-B22C-9EA8AE2D285C}.Release|x64.ActiveCfg = Release|x64
		{5E09107C-D306-411C-B22C-9EA8AE2D285C}.Release|x64.Build.0 = Release|x64
		{5E09107C-D306-411C-B22C-9EA8AE2D285C}.Release|x86.ActiveCfg = Release|Win32
		{5E09107C-D306-411C-B22C-9EA8AE2D285C}.Release|x86.Build.0 = Release|Win32
		{30599F23-0D56-429D-929A-CE7987A26F22}.Debug|x64.ActiveCfg = Debug|x64
		{30599F23-0D56-429D-929A-CE7987A26F22}.Debug|x64.Build.0 = Debug|x64
		{30599F23-0D56-429D-929A-CE7987A26F22}.Debug|x86.ActiveCfg = Debug|Win32
		{30599F23-0D56-429D-929A-CE7987A26F22}.Debug|x86.Build.0 = Debug|Win32
		{30599F23-0D56-429D-929A-CE7987A26F22}.Release|x64.ActiveCfg = Release|x64
		{30599F23-0D56-429D-929A-CE7987A26F22}.Release|x64.Build.0 = Release|x64
		{30599F23-0D56-429D-929A-CE7987A26F22}.Release|x86.ActiveCfg = Release|Win32
		{30599F23-0D56-429D-929A-CE7987A26F22}.Release|x86.Build.0 = Release|Win32
		{37C88F58-10C0-464D-BF34-0DC505BB3739}.Debug|x64.ActiveCfg = Debug|x64
		{37C88F58-10C0-464D-BF34-0DC505BB3739}.Debug|x64.Build.0 = Debug|x64
		{37C88F58-10C0-464D-BF34-0DC505BB3739}.Debug|x86.ActiveCfg = Debug|Win32
		{37C88F58-10C0-464D-BF34-0DC505BB3739}.Debug|x86.Build.0 = Debug|Win32
		{37C88F58-10C0-464D-BF34-0DC505BB3739}.Release|x64.ActiveCfg = Release|x64
		{37C88F58-10C0-464D-BF34-0DC505BB3739}.Release|x64.Build.0 = Release|x64
		{37C88F58-10C0-464D-BF34-0DC505BB3739}.Release|x86.ActiveCfg = Release|Win32
		{37C88F58-10C0-464D-BF34-0DC505BB3739}.Release|x86.Build.0 = Release|Win32
		{108B3608-6F80-4AD5-9A1D-77CADE3B3D51}.Debug|x64.ActiveCfg = Debug|x64
		{108B3608-6F80-4AD5-9A1D-77CADE3B3D51}.Debug|x64.Build.0 = Debug|x64
		{108B3608-6F80-4AD5-9A1D-77CADE3B3D51}.Debug|x86.ActiveCfg = Debug|Win32
		{108B3608-6F80-4AD5-9A1D-77CADE3B3D51}.Debug|x86.Build.0 = Debug|Win32
		{108B3608-6F80-4AD5-9A1D-77CADE3B3D51}.Release|x64.ActiveCfg = Release|x64
		{108B3608-6F80-4AD5-9A1D-77CADE3B3D51}.Release|x64.Build.0 = Release|x64
		{108B3608-6F80-4AD5-9A1D-77CADE3B3D51}.Release|x86.ActiveCfg = Release|Win32
		{108B3608-6F80-4AD5-9A1D-77CADE3B3D51}.Release|x86.Build.0 = Release|Win32
		{DB79C1DE-A4C6-4DA8-BD6E-36AB7CDA05C9}.Debug|x64.ActiveCfg = Debug|x64
		{DB79C1DE-A4C6-4DA8-BD6E-36AB7CDA05C9}.Debug|x64.Build.0 = Debug|x64
		{DB79C1DE-A4C6-4DA8-BD6E-36AB7CDA05C9}.Debug|x86.ActiveCfg = Debug|Win32
		{DB79C1DE-A4C6-4DA8-BD6E-36AB7CDA05C9}.Debug|x86.Build.0 = Debug|Win32
		{DB79C1DE-A4C6-4DA8-BD6E-36AB7CDA05C9}.Release|x64.ActiveCfg = Release|x64
		{DB79C1DE-A4C6-4DA8-BD6E-36AB7CDA05C9}.Release|x64.Build.0 = Release|x64
		{DB79C1DE-A4C6-4DA8-BD6E-36AB7CDA05C9}.Release|x86.ActiveCfg = Release|Win32
		{DB79C1DE-A4C6-4DA8-BD6E-36AB7CDA05C9}.Release|x86.Build.0 = Release|Win32
		{3F251B70-A989-4681-8377-A300F2F3B0F9}.Debug|x64.ActiveCfg = Debug|x64
		{3F251B70-A989-4681-8377-A300F2F3B0F9}.Debug|x64.Build.0 = Debug|x64
		{3F251B70-A989-4681-8377-A300F2F3B0F9}.Debug|x86.ActiveCfg = Debug|Win32
		{3F251B70-A989-4681-8377-A300F2F3B0F9}.Debug|x86.Build.0 = Debug|Win32
		{3F251B70-A989-4681-8377-A300F2F3B0F9}.Release|x64.ActiveCfg = Release|x64
		{3F251B70-A989-4681-8377-A300F2F3B0F9}.Release|x64.Build.0 = Release|x64
		{3F251B70-A989-4681-8377-A300F2F3B0F9}.Release|x86.ActiveCfg = Release|Win32
		{3F251B70-A989-4681-8377-A300F2F3B0F9}.Release|x86.Build.0 = Release|Win32
		{18511768-8AF9-4680-892C-83102B66720C}.Debug|x64.ActiveCfg = Debug|x64
		{18511768-8AF9-4680-892C-83102B66720C}.Debug|x64.Build.0 = Debug|x64
		{18511768-8AF9-4680-892C-83102B66720C}.Debug|x86.ActiveCfg = Debug|Win32
		{18511768-8AF9-4680-892C-83102B66720C}.Debug|x86.Build.0 = Debug|Win32
		{18511768-8AF9-4680-892C-83102B66720C}.Release|x64.ActiveCfg = Release|x64
		{18511768-8AF9-4680-892C-83102B66720C}.Release|x64.Build.0 = Release|x64
		{18511768-8AF9-4680-892C-83102B66720C}.Release|x86.ActiveCfg = Release|Win32
		{18511768-8AF9-4680-892C-83102B66720C}.Release|x86.Build.0 = Release|Win32
		{45BAD65E-8AA7-4E31-996F-9C59408C9278}.Debug|x64.ActiveCfg = Debug|x64
		{45BAD65E-8AA7-4E31-996F-9C59408C9278}.Debug|x64.Build.0 = Debug|x64
		{45BAD65E-8AA7-4E31-996F-9C59408C9278}.Debug|x86.ActiveCfg = Debug|Win32
		{45BAD65E-8AA7-4E31-996F-9C59408C9278}.Debug|x86.Build.0 = Debug|Win32
		{45BAD65E-8AA7-4E31-996F-9C59408C9278}.Release|x64.ActiveCfg = Release|x64
		{45BAD65E-8AA7-4E31-996F-9C59408C9278}.Release|x64.Build.0 = Release|x64
		{45BAD65E-8AA7-4E31-996F-9C59408C9278}.Release|x86.ActiveCfg = Release|Win32
		{45BAD65E-8AA7-4E31-996F-9C59408C9278}.Release|x86.Build.0 = Release|Win32
		{CDBFC662-0A40-4C04-B348-7402111CBB82}.Debug|x64.ActiveCfg = Debug|x64
		{CDBFC662-0A40-4C04-B348-7402111CBB82}.Debug|x64.Build.0 = Debug|x64
		{CDBFC662-0A40-4C04-B348-7402111CBB82}.Debug|x86.ActiveCfg = Debug|Win32
		{CDBFC662-0A40-4C04-B348-7402111CBB82}.Debug|x86.Build.0 = Debug|Win32
		{CDBFC662-0A40-4C04-B348-7402111CBB82}.Release|x64.ActiveCfg = Release|x64
		{CDBFC662-0A40-4C04-B348-7402111CBB82}.Release|x64.Build.0 = Release|x64
		{CDBFC662-0A40-4C04-B348-7402111CBB82}.Release|x86.ActiveCfg = Release|Win32
		{CDBFC662-0A40-4C04-B348-7402111CBB82}.Release|x86.Build.0 = Release|Win32
		{608B10DA-4763-463C-A81E-31B441E290BB}.Debug|x64.ActiveCfg = Debug|x64
		{608B10DA-4763-463C-A81E-31B441E290BB}.Debug|x64.Build.0 = Debug|x64
		{608B10DA-4763-463C-A81E-31B441E290BB}.Debug|x86.ActiveCfg = Debug|Win32
		{608B10DA-4763-463C-A81E-31B441E290BB}.Debug|x86.Build.0 = Debug|Win32
		{608B10DA-4763-463C-A81E-31B441E290BB}.Release|x64.ActiveCfg = Release|x64
		{608B10DA-4763-463C-A81E-31B441E290BB}.Release|x64.Build.0 = Release|x64
		{608B10DA-4763-463C-A81E-31B441E290BB}.Release|x86.ActiveCfg = Release|Win32
		{608B10DA-4763-463C-A81E-31B441E290BB}.Release|x86.Build.0 = Release|Win32
		{8A5D86CF-F78E-4FC2-905E-41DFB30797E2}.Debug|x64.ActiveCfg = Debug|x64
		{8A5D86CF-F78E-4FC2-905E-41DFB30797E2}.Debug|x64.Build.0 = Debug|x64
		{8A5D86CF-F78E-4FC2-905E-41DFB30797E2}.Debug|x86.ActiveCfg = Debug|Win32
		{8A5D86CF-F78E-4FC2-905E-41DFB30797E2}.Debug|x86.Build.0 = Debug|Win32
		{8A5D86CF-F78E-4FC2-905E-41DFB30797E2}.Release|x64.ActiveCfg = Release|x64
		{8A5D86CF-F78E-4FC2-905E-41DFB30797E2}.Release|x64.Build.0 = Release|x64
		{8A5D86CF-F78E-4FC2-905E-41DFB30797E2}.Release|x86.ActiveCfg = Release|Win32
		{8A5D86CF-F78E-4FC2-905E-41DFB30797E2}.Release|x86.Build.0 = Release|Win32
		{79D819E8-D603-4F2B-BB89-9E54299A8830}.Debug|x64.ActiveCfg = Debug|x64
		{79D819E8-D603-4F2B-BB89-9E54299A8830}.Debug|x64.Build.0 = Debug|x64
		{79D819E8-D603-4F2B-BB89-9E54299A8830}.Debug|x86.ActiveCfg = Debug|Win32
		{79D819E8-D603-4F2B-BB89-9E54299A8830}.Debug|x86.Build.0 = Debug|Win32
		{79D819E8-D603-4F2B-BB89-9E54299A8830}.Release|x64.ActiveCfg = Release|x64
		{79D819E8-D603-4F2B-BB89-9E54299A8830}.Release|x64.Build.0 = Release|x64
		{79D819E8-D603-4F2B-BB89-9E54299A8830}.Release|x86.ActiveCfg = Release|Win32
		{79D819E8-D603-4F2B-BB89-9E54299A8830}.Release|x86.Build.0 = Release|Win32
	EndGlobalSection
	GlobalSection(SolutionProperties) = preSolution
		HideSolutionNode = FALSE
	EndGlobalSection
	GlobalSection(ExtensibilityGlobals) = postSolution
		SolutionGuid = {53338AA7-B595-491C-8B9E-9941223A0E32}
	EndGlobalSection
EndGlobal
